{
  "name": "disintegration-loop-udp",
  "version": "1.0.0",
  "lockfileVersion": 1,
  "requires": true,
  "dependencies": {
    "@vivaxy/png": {
      "version": "1.3.0",
      "resolved": "https://registry.npmjs.org/@vivaxy/png/-/png-1.3.0.tgz",
      "integrity": "sha512-DkJnWnd451Y6VuuNXVnUD8V7Mg3ZeQ7F77YwH2sB8tyi4KrUEfaDvMyqlCSpSLlTmtsXlT8BOaegjMRg/VTRdQ==",
      "requires": {
        "pako": "^1.0.10"
      }
    },
    "pako": {
      "version": "1.0.11",
      "resolved": "https://registry.npmjs.org/pako/-/pako-1.0.11.tgz",
      "integrity": "sha512-4hLB8Py4zZce5s4yd9XzopqwVv/yGNhV1Bl8NTmCq1763HeK2+EwVTv+leGeL13Dnh2wfbqowVPXCIO0z4taYw=="
    },
    "ws": {
      "version": "7.2.3",
      "resolved": "https://registry.npmjs.org/ws/-/ws-7.2.3.tgz",
      "integrity": "sha512-HTDl9G9hbkNDk98naoR/cHDws7+EyYMOdL1BmjsZXRUjf7d+MficC4B7HLUPlSiho0vg+CWKrGIt/VJBd1xunQ=="
    }
  }
}
